
Microsoft Visual Studio Solution File, Format Version 12.00
# Visual Studio Version 17
VisualStudioVersion = 17.1.32328.378
MinimumVisualStudioVersion = 10.0.40219.1
Project("{FAE04EC0-301F-11D3-BF4B-00C04F79EFBC}") = "AuthenticationAPI", "AuthenticationAPI\AuthenticationAPI.csproj", "{784BB0E0-EB4B-4E08-AC66-08687DCFA9EE}"
EndProject
Global
	GlobalSection(SolutionConfigurationPlatforms) = preSolution
		Debug|Any CPU = Debug|Any CPU
		Release|Any CPU = Release|Any CPU
	EndGlobalSection
	GlobalSection(ProjectConfigurationPlatforms) = postSolution
		{784BB0E0-EB4B-4E08-AC66-08687DCFA9EE}.Debug|Any CPU.ActiveCfg = Debug|Any CPU
		{784BB0E0-EB4B-4E08-AC66-08687DCFA9EE}.Debug|Any CPU.Build.0 = Debug|Any CPU
		{784BB0E0-EB4B-4E08-AC66-08687DCFA9EE}.Release|Any CPU.ActiveCfg = Release|Any CPU
		{784BB0E0-EB4B-4E08-AC66-08687DCFA9EE}.Release|Any CPU.Build.0 = Release|Any CPU
	EndGlobalSection
	GlobalSection(SolutionProperties) = preSolution
		HideSolutionNode = FALSE
	EndGlobalSection
	GlobalSection(ExtensibilityGlobals) = postSolution
		SolutionGuid = {610E04AD-FF60-45B3-9B82-7CDC11F10D7A}
	EndGlobalSection
EndGlobal
